// !$*UTF8*$!
{
	archiveVersion = 1;
	classes = {
	};
	objectVersion = 46;
	objects = {

/* Begin PBXBuildFile section */
		480C65831C9BAFFB0008B1F2 /* DemoListViewController.m in Sources */ = {isa = PBXBuildFile; fileRef = 480C65821C9BAFFB0008B1F2 /* DemoListViewController.m */; };
		480C65861C9BB1B50008B1F2 /* TreeListViewController.m in Sources */ = {isa = PBXBuildFile; fileRef = 480C65851C9BB1B50008B1F2 /* TreeListViewController.m */; };
		480C65891C9BB1EC0008B1F2 /* MutableDeleteViewController.m in Sources */ = {isa = PBXBuildFile; fileRef = 480C65881C9BB1EC0008B1F2 /* MutableDeleteViewController.m */; };
		480C658F1C9BB9030008B1F2 /* MutableSelectViewController.m in Sources */ = {isa = PBXBuildFile; fileRef = 480C658E1C9BB9030008B1F2 /* MutableSelectViewController.m */; };
		480C65961C9BC4800008B1F2 /* MutableSelectDeleteViewController.m in Sources */ = {isa = PBXBuildFile; fileRef = 480C65951C9BC4800008B1F2 /* MutableSelectDeleteViewController.m */; };
		4833A4391CBE22E00041F5B8 /* QLVersionUtil.m in Sources */ = {isa = PBXBuildFile; fileRef = 4833A4381CBE22E00041F5B8 /* QLVersionUtil.m */; };
		4833A43C1CBE24A00041F5B8 /* QLRowActionButton.m in Sources */ = {isa = PBXBuildFile; fileRef = 4833A43B1CBE24A00041F5B8 /* QLRowActionButton.m */; };
		48E84C251CA245CA00308E19 /* QLTableViewCell.m in Sources */ = {isa = PBXBuildFile; fileRef = 48E84C1F1CA245CA00308E19 /* QLTableViewCell.m */; };
		48E84C261CA245CA00308E19 /* QLTableViewRowAction.m in Sources */ = {isa = PBXBuildFile; fileRef = 48E84C211CA245CA00308E19 /* QLTableViewRowAction.m */; };
		B4F7140A1C96F3E400129063 /* main.m in Sources */ = {isa = PBXBuildFile; fileRef = B4F714091C96F3E400129063 /* main.m */; };
		B4F7140D1C96F3E400129063 /* AppDelegate.m in Sources */ = {isa = PBXBuildFile; fileRef = B4F7140C1C96F3E400129063 /* AppDelegate.m */; };
		B4F714131C96F3E400129063 /* DetailViewController.m in Sources */ = {isa = PBXBuildFile; fileRef = B4F714121C96F3E400129063 /* DetailViewController.m */; };
		B4F714161C96F3E400129063 /* Main.storyboard in Resources */ = {isa = PBXBuildFile; fileRef = B4F714141C96F3E400129063 /* Main.storyboard */; };
		B4F714181C96F3E400129063 /* Assets.xcassets in Resources */ = {isa = PBXBuildFile; fileRef = B4F714171C96F3E400129063 /* Assets.xcassets */; };
		B4F7141B1C96F3E400129063 /* LaunchScreen.storyboard in Resources */ = {isa = PBXBuildFile; fileRef = B4F714191C96F3E400129063 /* LaunchScreen.storyboard */; };
		B4F714241C96F3FD00129063 /* TreeModel.m in Sources */ = {isa = PBXBuildFile; fileRef = B4F714231C96F3FD00129063 /* TreeModel.m */; };
/* End PBXBuildFile section */

/* Begin PBXFileReference section */
		480C65811C9BAFFB0008B1F2 /* DemoListViewController.h */ = {isa = PBXFileReference; fileEncoding = 4; lastKnownFileType = sourcecode.c.h; path = DemoListViewController.h; sourceTree = "<group>"; };
		480C65821C9BAFFB0008B1F2 /* DemoListViewController.m */ = {isa = PBXFileReference; fileEncoding = 4; lastKnownFileType = sourcecode.c.objc; path = DemoListViewController.m; sourceTree = "<group>"; };
		480C65841C9BB1B50008B1F2 /* TreeListViewController.h */ = {isa = PBXFileReference; fileEncoding = 4; lastKnownFileType = sourcecode.c.h; path = TreeListViewController.h; sourceTree = "<group>"; };
		480C65851C9BB1B50008B1F2 /* TreeListViewController.m */ = {isa = PBXFileReference; fileEncoding = 4; lastKnownFileType = sourcecode.c.objc; path = TreeListViewController.m; sourceTree = "<group>"; };
		480C65871C9BB1EC0008B1F2 /* MutableDeleteViewController.h */ = {isa = PBXFileReference; fileEncoding = 4; lastKnownFileType = sourcecode.c.h; path = MutableDeleteViewController.h; sourceTree = "<group>"; };
		480C65881C9BB1EC0008B1F2 /* MutableDeleteViewController.m */ = {isa = PBXFileReference; fileEncoding = 4; lastKnownFileType = sourcecode.c.objc; path = MutableDeleteViewController.m; sourceTree = "<group>"; };
		480C658D1C9BB9030008B1F2 /* MutableSelectViewController.h */ = {isa = PBXFileReference; fileEncoding = 4; lastKnownFileType = sourcecode.c.h; path = MutableSelectViewController.h; sourceTree = "<group>"; };
		480C658E1C9BB9030008B1F2 /* MutableSelectViewController.m */ = {isa = PBXFileReference; fileEncoding = 4; lastKnownFileType = sourcecode.c.objc; path = MutableSelectViewController.m; sourceTree = "<group>"; };
		480C65941C9BC4800008B1F2 /* MutableSelectDeleteViewController.h */ = {isa = PBXFileReference; fileEncoding = 4; lastKnownFileType = sourcecode.c.h; path = MutableSelectDeleteViewController.h; sourceTree = "<group>"; };
		480C65951C9BC4800008B1F2 /* MutableSelectDeleteViewController.m */ = {isa = PBXFileReference; fileEncoding = 4; lastKnownFileType = sourcecode.c.objc; path = MutableSelectDeleteViewController.m; sourceTree = "<group>"; };
		4833A4371CBE22E00041F5B8 /* QLVersionUtil.h */ = {isa = PBXFileReference; fileEncoding = 4; lastKnownFileType = sourcecode.c.h; path = QLVersionUtil.h; sourceTree = "<group>"; };
		4833A4381CBE22E00041F5B8 /* QLVersionUtil.m */ = {isa = PBXFileReference; fileEncoding = 4; lastKnownFileType = sourcecode.c.objc; path = QLVersionUtil.m; sourceTree = "<group>"; };
		4833A43A1CBE24A00041F5B8 /* QLRowActionButton.h */ = {isa = PBXFileReference; fileEncoding = 4; lastKnownFileType = sourcecode.c.h; path = QLRowActionButton.h; sourceTree = "<group>"; };
		4833A43B1CBE24A00041F5B8 /* QLRowActionButton.m */ = {isa = PBXFileReference; fileEncoding = 4; lastKnownFileType = sourcecode.c.objc; path = QLRowActionButton.m; sourceTree = "<group>"; };
		48E84C1E1CA245CA00308E19 /* QLTableViewCell.h */ = {isa = PBXFileReference; fileEncoding = 4; lastKnownFileType = sourcecode.c.h; path = QLTableViewCell.h; sourceTree = "<group>"; };
		48E84C1F1CA245CA00308E19 /* QLTableViewCell.m */ = {isa = PBXFileReference; fileEncoding = 4; lastKnownFileType = sourcecode.c.objc; path = QLTableViewCell.m; sourceTree = "<group>"; };
		48E84C201CA245CA00308E19 /* QLTableViewRowAction.h */ = {isa = PBXFileReference; fileEncoding = 4; lastKnownFileType = sourcecode.c.h; path = QLTableViewRowAction.h; sourceTree = "<group>"; };
		48E84C211CA245CA00308E19 /* QLTableViewRowAction.m */ = {isa = PBXFileReference; fileEncoding = 4; lastKnownFileType = sourcecode.c.objc; path = QLTableViewRowAction.m; sourceTree = "<group>"; };
		48E84C221CA245CA00308E19 /* QLTableViewRowActionInternal.h */ = {isa = PBXFileReference; fileEncoding = 4; lastKnownFileType = sourcecode.c.h; path = QLTableViewRowActionInternal.h; sourceTree = "<group>"; };
		B4F714051C96F3E400129063 /* TreeList.app */ = {isa = PBXFileReference; explicitFileType = wrapper.application; includeInIndex = 0; path = TreeList.app; sourceTree = BUILT_PRODUCTS_DIR; };
		B4F714091C96F3E400129063 /* main.m */ = {isa = PBXFileReference; lastKnownFileType = sourcecode.c.objc; path = main.m; sourceTree = "<group>"; };
		B4F7140B1C96F3E400129063 /* AppDelegate.h */ = {isa = PBXFileReference; lastKnownFileType = sourcecode.c.h; path = AppDelegate.h; sourceTree = "<group>"; };
		B4F7140C1C96F3E400129063 /* AppDelegate.m */ = {isa = PBXFileReference; lastKnownFileType = sourcecode.c.objc; path = AppDelegate.m; sourceTree = "<group>"; };
		B4F714111C96F3E400129063 /* DetailViewController.h */ = {isa = PBXFileReference; lastKnownFileType = sourcecode.c.h; path = DetailViewController.h; sourceTree = "<group>"; };
		B4F714121C96F3E400129063 /* DetailViewController.m */ = {isa = PBXFileReference; lastKnownFileType = sourcecode.c.objc; path = DetailViewController.m; sourceTree = "<group>"; };
		B4F714151C96F3E400129063 /* Base */ = {isa = PBXFileReference; lastKnownFileType = file.storyboard; name = Base; path = Base.lproj/Main.storyboard; sourceTree = "<group>"; };
		B4F714171C96F3E400129063 /* Assets.xcassets */ = {isa = PBXFileReference; lastKnownFileType = folder.assetcatalog; path = Assets.xcassets; sourceTree = "<group>"; };
		B4F7141A1C96F3E400129063 /* Base */ = {isa = PBXFileReference; lastKnownFileType = file.storyboard; name = Base; path = Base.lproj/LaunchScreen.storyboard; sourceTree = "<group>"; };
		B4F7141C1C96F3E400129063 /* Info.plist */ = {isa = PBXFileReference; lastKnownFileType = text.plist.xml; path = Info.plist; sourceTree = "<group>"; };
		B4F714221C96F3FD00129063 /* TreeModel.h */ = {isa = PBXFileReference; fileEncoding = 4; lastKnownFileType = sourcecode.c.h; path = TreeModel.h; sourceTree = "<group>"; };
		B4F714231C96F3FD00129063 /* TreeModel.m */ = {isa = PBXFileReference; fileEncoding = 4; lastKnownFileType = sourcecode.c.objc; path = TreeModel.m; sourceTree = "<group>"; };
/* End PBXFileReference section */

/* Begin PBXFrameworksBuildPhase section */
		B4F714021C96F3E400129063 /* Frameworks */ = {
			isa = PBXFrameworksBuildPhase;
			buildActionMask = 2147483647;
			files = (
			);
			runOnlyForDeploymentPostprocessing = 0;
		};
/* End PBXFrameworksBuildPhase section */

/* Begin PBXGroup section */
		480C658A1C9BB87B0008B1F2 /* 树形列表 */ = {
			isa = PBXGroup;
			children = (
				B4F714221C96F3FD00129063 /* TreeModel.h */,
				B4F714231C96F3FD00129063 /* TreeModel.m */,
				480C65841C9BB1B50008B1F2 /* TreeListViewController.h */,
				480C65851C9BB1B50008B1F2 /* TreeListViewController.m */,
			);
			name = "树形列表";
			sourceTree = "<group>";
		};
		480C658B1C9BB88A0008B1F2 /* 侧滑删除 */ = {
			isa = PBXGroup;
			children = (
				480C65871C9BB1EC0008B1F2 /* MutableDeleteViewController.h */,
				480C65881C9BB1EC0008B1F2 /* MutableDeleteViewController.m */,
			);
			name = "侧滑删除";
			sourceTree = "<group>";
		};
		480C658C1C9BB8A40008B1F2 /* 详情 */ = {
			isa = PBXGroup;
			children = (
				B4F714111C96F3E400129063 /* DetailViewController.h */,
				B4F714121C96F3E400129063 /* DetailViewController.m */,
			);
			name = "详情";
			sourceTree = "<group>";
		};
		480C65901C9BB9070008B1F2 /* 系统编辑 */ = {
			isa = PBXGroup;
			children = (
				480C658D1C9BB9030008B1F2 /* MutableSelectViewController.h */,
				480C658E1C9BB9030008B1F2 /* MutableSelectViewController.m */,
			);
			name = "系统编辑";
			sourceTree = "<group>";
		};
		480C65911C9BB9180008B1F2 /* Pages */ = {
			isa = PBXGroup;
			children = (
				480C658B1C9BB88A0008B1F2 /* 侧滑删除 */,
				480C658A1C9BB87B0008B1F2 /* 树形列表 */,
				480C65901C9BB9070008B1F2 /* 系统编辑 */,
				480C65931C9BC2F70008B1F2 /* 多选+侧滑 */,
				480C658C1C9BB8A40008B1F2 /* 详情 */,
			);
			name = Pages;
			sourceTree = "<group>";
		};
		480C65921C9BB9280008B1F2 /* Root */ = {
			isa = PBXGroup;
			children = (
				480C65811C9BAFFB0008B1F2 /* DemoListViewController.h */,
				480C65821C9BAFFB0008B1F2 /* DemoListViewController.m */,
			);
			name = Root;
			sourceTree = "<group>";
		};
		480C65931C9BC2F70008B1F2 /* 多选+侧滑 */ = {
			isa = PBXGroup;
			children = (
				480C65941C9BC4800008B1F2 /* MutableSelectDeleteViewController.h */,
				480C65951C9BC4800008B1F2 /* MutableSelectDeleteViewController.m */,
			);
			name = "多选+侧滑";
			sourceTree = "<group>";
		};
		48E84C1D1CA245CA00308E19 /* RowEditSupport */ = {
			isa = PBXGroup;
			children = (
				4833A4371CBE22E00041F5B8 /* QLVersionUtil.h */,
				4833A4381CBE22E00041F5B8 /* QLVersionUtil.m */,
				48E84C1E1CA245CA00308E19 /* QLTableViewCell.h */,
				48E84C1F1CA245CA00308E19 /* QLTableViewCell.m */,
				48E84C201CA245CA00308E19 /* QLTableViewRowAction.h */,
				48E84C211CA245CA00308E19 /* QLTableViewRowAction.m */,
				48E84C221CA245CA00308E19 /* QLTableViewRowActionInternal.h */,
				4833A43A1CBE24A00041F5B8 /* QLRowActionButton.h */,
				4833A43B1CBE24A00041F5B8 /* QLRowActionButton.m */,
			);
			path = RowEditSupport;
			sourceTree = "<group>";
		};
		B4F713FC1C96F3E400129063 = {
			isa = PBXGroup;
			children = (
				B4F714071C96F3E400129063 /* TreeList */,
				B4F714061C96F3E400129063 /* Products */,
			);
			sourceTree = "<group>";
		};
		B4F714061C96F3E400129063 /* Products */ = {
			isa = PBXGroup;
			children = (
				B4F714051C96F3E400129063 /* TreeList.app */,
			);
			name = Products;
			sourceTree = "<group>";
		};
		B4F714071C96F3E400129063 /* TreeList */ = {
			isa = PBXGroup;
			children = (
				B4F7140B1C96F3E400129063 /* AppDelegate.h */,
				B4F7140C1C96F3E400129063 /* AppDelegate.m */,
				48E84C1D1CA245CA00308E19 /* RowEditSupport */,
				480C65921C9BB9280008B1F2 /* Root */,
				480C65911C9BB9180008B1F2 /* Pages */,
				B4F714081C96F3E400129063 /* Supporting Files */,
			);
			path = TreeList;
			sourceTree = "<group>";
		};
		B4F714081C96F3E400129063 /* Supporting Files */ = {
			isa = PBXGroup;
			children = (
				B4F714141C96F3E400129063 /* Main.storyboard */,
				B4F714171C96F3E400129063 /* Assets.xcassets */,
				B4F714191C96F3E400129063 /* LaunchScreen.storyboard */,
				B4F7141C1C96F3E400129063 /* Info.plist */,
				B4F714091C96F3E400129063 /* main.m */,
			);
			name = "Supporting Files";
			sourceTree = "<group>";
		};
/* End PBXGroup section */

/* Begin PBXNativeTarget section */
		B4F714041C96F3E400129063 /* TreeList */ = {
			isa = PBXNativeTarget;
			buildConfigurationList = B4F7141F1C96F3E400129063 /* Build configuration list for PBXNativeTarget "TreeList" */;
			buildPhases = (
				B4F714011C96F3E400129063 /* Sources */,
				B4F714021C96F3E400129063 /* Frameworks */,
				B4F714031C96F3E400129063 /* Resources */,
			);
			buildRules = (
			);
			dependencies = (
			);
			name = TreeList;
			productName = TreeList;
			productReference = B4F714051C96F3E400129063 /* TreeList.app */;
			productType = "com.apple.product-type.application";
		};
/* End PBXNativeTarget section */

/* Begin PBXProject section */
		B4F713FD1C96F3E400129063 /* Project object */ = {
			isa = PBXProject;
			attributes = {
				LastUpgradeCheck = 0720;
				ORGANIZATIONNAME = Debugly;
				TargetAttributes = {
					B4F714041C96F3E400129063 = {
						CreatedOnToolsVersion = 7.2;
						DevelopmentTeam = KCE7BVJLX3;
					};
				};
			};
			buildConfigurationList = B4F714001C96F3E400129063 /* Build configuration list for PBXProject "TreeList" */;
			compatibilityVersion = "Xcode 3.2";
			developmentRegion = English;
			hasScannedForEncodings = 0;
			knownRegions = (
				en,
				Base,
			);
			mainGroup = B4F713FC1C96F3E400129063;
			productRefGroup = B4F714061C96F3E400129063 /* Products */;
			projectDirPath = "";
			projectRoot = "";
			targets = (
				B4F714041C96F3E400129063 /* TreeList */,
			);
		};
/* End PBXProject section */

/* Begin PBXResourcesBuildPhase section */
		B4F714031C96F3E400129063 /* Resources */ = {
			isa = PBXResourcesBuildPhase;
			buildActionMask = 2147483647;
			files = (
				B4F7141B1C96F3E400129063 /* LaunchScreen.storyboard in Resources */,
				B4F714181C96F3E400129063 /* Assets.xcassets in Resources */,
				B4F714161C96F3E400129063 /* Main.storyboard in Resources */,
			);
			runOnlyForDeploymentPostprocessing = 0;
		};
/* End PBXResourcesBuildPhase section */

/* Begin PBXSourcesBuildPhase section */
		B4F714011C96F3E400129063 /* Sources */ = {
			isa = PBXSourcesBuildPhase;
			buildActionMask = 2147483647;
			files = (
				48E84C251CA245CA00308E19 /* QLTableViewCell.m in Sources */,
				4833A43C1CBE24A00041F5B8 /* QLRowActionButton.m in Sources */,
				B4F7140D1C96F3E400129063 /* AppDelegate.m in Sources */,
				480C65831C9BAFFB0008B1F2 /* DemoListViewController.m in Sources */,
				B4F714241C96F3FD00129063 /* TreeModel.m in Sources */,
				B4F7140A1C96F3E400129063 /* main.m in Sources */,
				480C65891C9BB1EC0008B1F2 /* MutableDeleteViewController.m in Sources */,
				B4F714131C96F3E400129063 /* DetailViewController.m in Sources */,
				480C65861C9BB1B50008B1F2 /* TreeListViewController.m in Sources */,
				48E84C261CA245CA00308E19 /* QLTableViewRowAction.m in Sources */,
				480C658F1C9BB9030008B1F2 /* MutableSelectViewController.m in Sources */,
				4833A4391CBE22E00041F5B8 /* QLVersionUtil.m in Sources */,
				480C65961C9BC4800008B1F2 /* MutableSelectDeleteViewController.m in Sources */,
			);
			runOnlyForDeploymentPostprocessing = 0;
		};
/* End PBXSourcesBuildPhase section */

/* Begin PBXVariantGroup section */
		B4F714141C96F3E400129063 /* Main.storyboard */ = {
			isa = PBXVariantGroup;
			children = (
				B4F714151C96F3E400129063 /* Base */,
			);
			name = Main.storyboard;
			sourceTree = "<group>";
		};
		B4F714191C96F3E400129063 /* LaunchScreen.storyboard */ = {
			isa = PBXVariantGroup;
			children = (
				B4F7141A1C96F3E400129063 /* Base */,
			);
			name = LaunchScreen.storyboard;
			sourceTree = "<group>";
		};
/* End PBXVariantGroup section */

/* Begin XCBuildConfiguration section */
		B4F7141D1C96F3E400129063 /* Debug */ = {
			isa = XCBuildConfiguration;
			buildSettings = {
				ALWAYS_SEARCH_USER_PATHS = NO;
				CLANG_CXX_LANGUAGE_STANDARD = "gnu++0x";
				CLANG_CXX_LIBRARY = "libc++";
				CLANG_ENABLE_MODULES = YES;
				CLANG_ENABLE_OBJC_ARC = YES;
				CLANG_WARN_BOOL_CONVERSION = YES;
				CLANG_WARN_CONSTANT_CONVERSION = YES;
				CLANG_WARN_DIRECT_OBJC_ISA_USAGE = YES_ERROR;
				CLANG_WARN_EMPTY_BODY = YES;
				CLANG_WARN_ENUM_CONVERSION = YES;
				CLANG_WARN_INT_CONVERSION = YES;
				CLANG_WARN_OBJC_ROOT_CLASS = YES_ERROR;
				CLANG_WARN_UNREACHABLE_CODE = YES;
				CLANG_WARN__DUPLICATE_METHOD_MATCH = YES;
				"CODE_SIGN_IDENTITY[sdk=iphoneos*]" = "iPhone Developer";
				COPY_PHASE_STRIP = NO;
				DEBUG_INFORMATION_FORMAT = dwarf;
				ENABLE_STRICT_OBJC_MSGSEND = YES;
				ENABLE_TESTABILITY = YES;
				GCC_C_LANGUAGE_STANDARD = gnu99;
				GCC_DYNAMIC_NO_PIC = NO;
				GCC_NO_COMMON_BLOCKS = YES;
				GCC_OPTIMIZATION_LEVEL = 0;
				GCC_PREPROCESSOR_DEFINITIONS = (
					"DEBUG=1",
					"$(inherited)",
				);
				GCC_WARN_64_TO_32_BIT_CONVERSION = YES;
				GCC_WARN_ABOUT_RETURN_TYPE = YES_ERROR;
				GCC_WARN_UNDECLARED_SELECTOR = YES;
				GCC_WARN_UNINITIALIZED_AUTOS = YES_AGGRESSIVE;
				GCC_WARN_UNUSED_FUNCTION = YES;
				GCC_WARN_UNUSED_VARIABLE = YES;
				IPHONEOS_DEPLOYMENT_TARGET = 9.2;
				MTL_ENABLE_DEBUG_INFO = YES;
				ONLY_ACTIVE_ARCH = YES;
				SDKROOT = iphoneos;
			};
			name = Debug;
		};
		B4F7141E1C96F3E400129063 /* Release */ = {
			isa = XCBuildConfiguration;
			buildSettings = {
				ALWAYS_SEARCH_USER_PATHS = NO;
				CLANG_CXX_LANGUAGE_STANDARD = "gnu++0x";
				CLANG_CXX_LIBRARY = "libc++";
				CLANG_ENABLE_MODULES = YES;
				CLANG_ENABLE_OBJC_ARC = YES;
				CLANG_WARN_BOOL_CONVERSION = YES;
				CLANG_WARN_CONSTANT_CONVERSION = YES;
				CLANG_WARN_DIRECT_OBJC_ISA_USAGE = YES_ERROR;
				CLANG_WARN_EMPTY_BODY = YES;
				CLANG_WARN_ENUM_CONVERSION = YES;
				CLANG_WARN_INT_CONVERSION = YES;
				CLANG_WARN_OBJC_ROOT_CLASS = YES_ERROR;
				CLANG_WARN_UNREACHABLE_CODE = YES;
				CLANG_WARN__DUPLICATE_METHOD_MATCH = YES;
				"CODE_SIGN_IDENTITY[sdk=iphoneos*]" = "iPhone Developer";
				COPY_PHASE_STRIP = NO;
				DEBUG_INFORMATION_FORMAT = "dwarf-with-dsym";
				ENABLE_NS_ASSERTIONS = NO;
				ENABLE_STRICT_OBJC_MSGSEND = YES;
				GCC_C_LANGUAGE_STANDARD = gnu99;
				GCC_NO_COMMON_BLOCKS = YES;
				GCC_WARN_64_TO_32_BIT_CONVERSION = YES;
				GCC_WARN_ABOUT_RETURN_TYPE = YES_ERROR;
				GCC_WARN_UNDECLARED_SELECTOR = YES;
				GCC_WARN_UNINITIALIZED_AUTOS = YES_AGGRESSIVE;
				GCC_WARN_UNUSED_FUNCTION = YES;
				GCC_WARN_UNUSED_VARIABLE = YES;
				IPHONEOS_DEPLOYMENT_TARGET = 9.2;
				MTL_ENABLE_DEBUG_INFO = NO;
				SDKROOT = iphoneos;
				VALIDATE_PRODUCT = YES;
			};
			name = Release;
		};
		B4F714201C96F3E400129063 /* Debug */ = {
			isa = XCBuildConfiguration;
			buildSettings = {
				ASSETCATALOG_COMPILER_APPICON_NAME = AppIcon;
				ASSETCATALOG_COMPILER_LAUNCHIMAGE_NAME = LaunchImage;
				CODE_SIGN_IDENTITY = "iPhone Developer";
				INFOPLIST_FILE = TreeList/Info.plist;
				IPHONEOS_DEPLOYMENT_TARGET = 6.0;
				LD_RUNPATH_SEARCH_PATHS = "$(inherited) @executable_path/Frameworks";
				PRODUCT_BUNDLE_IDENTIFIER = com.xql.TreeListaa;
				PRODUCT_NAME = "$(TARGET_NAME)";
			};
			name = Debug;
		};
		B4F714211C96F3E400129063 /* Release */ = {
			isa = XCBuildConfiguration;
			buildSettings = {
				ASSETCATALOG_COMPILER_APPICON_NAME = AppIcon;
				ASSETCATALOG_COMPILER_LAUNCHIMAGE_NAME = LaunchImage;
				CODE_SIGN_IDENTITY = "iPhone Developer";
				INFOPLIST_FILE = TreeList/Info.plist;
				IPHONEOS_DEPLOYMENT_TARGET = 6.0;
				LD_RUNPATH_SEARCH_PATHS = "$(inherited) @executable_path/Frameworks";
				PRODUCT_BUNDLE_IDENTIFIER = com.xql.TreeListaa;
				PRODUCT_NAME = "$(TARGET_NAME)";
			};
			name = Release;
		};
/* End XCBuildConfiguration section */

/* Begin XCConfigurationList section */
		B4F714001C96F3E400129063 /* Build configuration list for PBXProject "TreeList" */ = {
			isa = XCConfigurationList;
			buildConfigurations = (
				B4F7141D1C96F3E400129063 /* Debug */,
				B4F7141E1C96F3E400129063 /* Release */,
			);
			defaultConfigurationIsVisible = 0;
			defaultConfigurationName = Release;
		};
		B4F7141F1C96F3E400129063 /* Build configuration list for PBXNativeTarget "TreeList" */ = {
			isa = XCConfigurationList;
			buildConfigurations = (
				B4F714201C96F3E400129063 /* Debug */,
				B4F714211C96F3E400129063 /* Release */,
			);
			defaultConfigurationIsVisible = 0;
			defaultConfigurationName = Release;
		};
/* End XCConfigurationList section */
	};
	rootObject = B4F713FD1C96F3E400129063 /* Project object */;
}
